
Microsoft Visual Studio Solution File, Format Version 12.00
# Visual Studio Version 17
VisualStudioVersion = 17.0.31903.59
MinimumVisualStudioVersion = 10.0.40219.1
Project("{888888A0-9F3D-457C-B088-3A5042F75D52}") = "FactoryRecourcesOptimization", "FactoryRecourcesOptimization\FactoryRecourcesOptimization.pyproj", "{8312F652-C4F8-4DA2-8C25-8F9B998BDFED}"
EndProject
Global
	GlobalSection(SolutionConfigurationPlatforms) = preSolution
		Debug|Any CPU = Debug|Any CPU
		Release|Any CPU = Release|Any CPU
	EndGlobalSection
	GlobalSection(ProjectConfigurationPlatforms) = postSolution
		{8312F652-C4F8-4DA2-8C25-8F9B998BDFED}.Debug|Any CPU.ActiveCfg = Debug|Any CPU
		{8312F652-C4F8-4DA2-8C25-8F9B998BDFED}.Release|Any CPU.ActiveCfg = Release|Any CPU
	EndGlobalSection
	GlobalSection(SolutionProperties) = preSolution
		HideSolutionNode = FALSE
	EndGlobalSection
	GlobalSection(ExtensibilityGlobals) = postSolution
		SolutionGuid = {95ED72AA-203F-4CA9-9805-0F0D8CC539FD}
	EndGlobalSection
EndGlobal
